
Microsoft Visual Studio Solution File, Format Version 12.00
# Visual Studio Version 17
VisualStudioVersion = 17.0.31912.275
MinimumVisualStudioVersion = 10.0.40219.1
Project("{9A19103F-16F7-4668-BE54-9A1E7A4F7556}") = "PackageInstaller", "PackageInstaller\PackageInstaller.csproj", "{C27DB2E0-A0B7-4FBB-B375-4F8D197BF3C0}"
EndProject
Project("{9A19103F-16F7-4668-BE54-9A1E7A4F7556}") = "NativeInterop.Win32.Xaml", "NativeInterop.Win32.Xaml\NativeInterop.Win32.Xaml.csproj", "{FD3B378F-AA84-4701-AF6D-CCC05DB51247}"
EndProject
Project("{9A19103F-16F7-4668-BE54-9A1E7A4F7556}") = "NativeInterop.Win32", "NativeInterop.Win32\NativeInterop.Win32.csproj", "{2EC170D6-E97F-46DA-B5DA-4525D4AFD5AF}"
EndProject
Project("{9A19103F-16F7-4668-BE54-9A1E7A4F7556}") = "PackageInstaller.Core", "PackageInstaller.Core\PackageInstaller.Core.csproj", "{918B8A53-8281-41EA-AB86-D83199CAE19E}"
EndProject
Project("{9A19103F-16F7-4668-BE54-9A1E7A4F7556}") = "PackageInstaller.Core.Services", "PackageInstaller.Core.Services\PackageInstaller.Core.Services.csproj", "{63302E70-F7C8-4B5D-8749-BDB631663D27}"
EndProject
Project("{9A19103F-16F7-4668-BE54-9A1E7A4F7556}") = "PackageInstaller.Core.Services.Tests", "PackageInstaller.Core.Services.Tests\PackageInstaller.Core.Services.Tests.csproj", "{E1398C43-BEED-4D92-A194-BC3BAF8BA847}"
EndProject
Project("{2150E333-8FDC-42A3-9474-1A3956D46DE8}") = "Solution Items", "Solution Items", "{A423828B-9017-4F92-BECC-B6C8E4743708}"
	ProjectSection(SolutionItems) = preProject
		.editorconfig = .editorconfig
		.gitignore = .gitignore
		.onsaveconfig = .onsaveconfig
		.github\workflows\auto-approve.yml = .github\workflows\auto-approve.yml
		.github\workflows\ci.yml = .github\workflows\ci.yml
		Directory.Build.props = Directory.Build.props
		README.md = README.md
		.github\workflows\release.yml = .github\workflows\release.yml
	EndProjectSection
EndProject
Project("{C7167F0D-BC9F-4E6E-AFE1-012C56B48DB5}") = "Winstrumenta.Package", "Winstrumenta.Package\Winstrumenta.Package.wapproj", "{F3AD51CC-2A04-4E06-B26A-E79BEACFF9D9}"
EndProject
Project("{C7167F0D-BC9F-4E6E-AFE1-012C56B48DB5}") = "Winstrumenta.DistroManager", "Winstrumenta.DistroManager\Winstrumenta.DistroManager.wapproj", "{AE919A53-9DFB-41F6-ADC8-E62B766B7EE7}"
EndProject
Project("{2150E333-8FDC-42A3-9474-1A3956D46DE8}") = "Package", "Package", "{0936AB9E-97C3-4BC9-A48E-13544E1DB94E}"
EndProject
Project("{2150E333-8FDC-42A3-9474-1A3956D46DE8}") = "Distro", "Distro", "{EBDAA242-5E9F-4BEF-B2CE-0306995C8534}"
EndProject
Project("{9A19103F-16F7-4668-BE54-9A1E7A4F7556}") = "DistroManager", "DistroManager\DistroManager.csproj", "{938B834D-5C5D-4A53-BCBA-F8BF1CC63196}"
EndProject
Project("{9A19103F-16F7-4668-BE54-9A1E7A4F7556}") = "PackageInstaller.Core.Services.WinUI", "PackageInstaller.Core.Services.WinUI\PackageInstaller.Core.Services.WinUI.csproj", "{36135626-0897-470C-A506-E4B73133694D}"
EndProject
Global
	GlobalSection(SolutionConfigurationPlatforms) = preSolution
		Debug|arm64 = Debug|arm64
		Debug|x64 = Debug|x64
		Debug|x86 = Debug|x86
		Release|arm64 = Release|arm64
		Release|x64 = Release|x64
		Release|x86 = Release|x86
	EndGlobalSection
	GlobalSection(ProjectConfigurationPlatforms) = postSolution
		{C27DB2E0-A0B7-4FBB-B375-4F8D197BF3C0}.Debug|arm64.ActiveCfg = Debug|arm64
		{C27DB2E0-A0B7-4FBB-B375-4F8D197BF3C0}.Debug|arm64.Build.0 = Debug|arm64
		{C27DB2E0-A0B7-4FBB-B375-4F8D197BF3C0}.Debug|x64.ActiveCfg = Debug|x64
		{C27DB2E0-A0B7-4FBB-B375-4F8D197BF3C0}.Debug|x64.Build.0 = Debug|x64
		{C27DB2E0-A0B7-4FBB-B375-4F8D197BF3C0}.Debug|x86.ActiveCfg = Debug|x86
		{C27DB2E0-A0B7-4FBB-B375-4F8D197BF3C0}.Debug|x86.Build.0 = Debug|x86
		{C27DB2E0-A0B7-4FBB-B375-4F8D197BF3C0}.Release|arm64.ActiveCfg = Release|arm64
		{C27DB2E0-A0B7-4FBB-B375-4F8D197BF3C0}.Release|arm64.Build.0 = Release|arm64
		{C27DB2E0-A0B7-4FBB-B375-4F8D197BF3C0}.Release|x64.ActiveCfg = Release|x64
		{C27DB2E0-A0B7-4FBB-B375-4F8D197BF3C0}.Release|x64.Build.0 = Release|x64
		{C27DB2E0-A0B7-4FBB-B375-4F8D197BF3C0}.Release|x86.ActiveCfg = Release|x86
		{C27DB2E0-A0B7-4FBB-B375-4F8D197BF3C0}.Release|x86.Build.0 = Release|x86
		{FD3B378F-AA84-4701-AF6D-CCC05DB51247}.Debug|arm64.ActiveCfg = Debug|arm64
		{FD3B378F-AA84-4701-AF6D-CCC05DB51247}.Debug|arm64.Build.0 = Debug|arm64
		{FD3B378F-AA84-4701-AF6D-CCC05DB51247}.Debug|x64.ActiveCfg = Debug|x64
		{FD3B378F-AA84-4701-AF6D-CCC05DB51247}.Debug|x64.Build.0 = Debug|x64
		{FD3B378F-AA84-4701-AF6D-CCC05DB51247}.Debug|x86.ActiveCfg = Debug|x86
		{FD3B378F-AA84-4701-AF6D-CCC05DB51247}.Debug|x86.Build.0 = Debug|x86
		{FD3B378F-AA84-4701-AF6D-CCC05DB51247}.Release|arm64.ActiveCfg = Release|arm64
		{FD3B378F-AA84-4701-AF6D-CCC05DB51247}.Release|arm64.Build.0 = Release|arm64
		{FD3B378F-AA84-4701-AF6D-CCC05DB51247}.Release|x64.ActiveCfg = Release|x64
		{FD3B378F-AA84-4701-AF6D-CCC05DB51247}.Release|x64.Build.0 = Release|x64
		{FD3B378F-AA84-4701-AF6D-CCC05DB51247}.Release|x86.ActiveCfg = Release|x86
		{FD3B378F-AA84-4701-AF6D-CCC05DB51247}.Release|x86.Build.0 = Release|x86
		{2EC170D6-E97F-46DA-B5DA-4525D4AFD5AF}.Debug|arm64.ActiveCfg = Debug|arm64
		{2EC170D6-E97F-46DA-B5DA-4525D4AFD5AF}.Debug|arm64.Build.0 = Debug|arm64
		{2EC170D6-E97F-46DA-B5DA-4525D4AFD5AF}.Debug|x64.ActiveCfg = Debug|x64
		{2EC170D6-E97F-46DA-B5DA-4525D4AFD5AF}.Debug|x64.Build.0 = Debug|x64
		{2EC170D6-E97F-46DA-B5DA-4525D4AFD5AF}.Debug|x86.ActiveCfg = Debug|x86
		{2EC170D6-E97F-46DA-B5DA-4525D4AFD5AF}.Debug|x86.Build.0 = Debug|x86
		{2EC170D6-E97F-46DA-B5DA-4525D4AFD5AF}.Release|arm64.ActiveCfg = Release|arm64
		{2EC170D6-E97F-46DA-B5DA-4525D4AFD5AF}.Release|arm64.Build.0 = Release|arm64
		{2EC170D6-E97F-46DA-B5DA-4525D4AFD5AF}.Release|x64.ActiveCfg = Release|x64
		{2EC170D6-E97F-46DA-B5DA-4525D4AFD5AF}.Release|x64.Build.0 = Release|x64
		{2EC170D6-E97F-46DA-B5DA-4525D4AFD5AF}.Release|x86.ActiveCfg = Release|x86
		{2EC170D6-E97F-46DA-B5DA-4525D4AFD5AF}.Release|x86.Build.0 = Release|x86
		{918B8A53-8281-41EA-AB86-D83199CAE19E}.Debug|arm64.ActiveCfg = Debug|arm64
		{918B8A53-8281-41EA-AB86-D83199CAE19E}.Debug|arm64.Build.0 = Debug|arm64
		{918B8A53-8281-41EA-AB86-D83199CAE19E}.Debug|x64.ActiveCfg = Debug|x64
		{918B8A53-8281-41EA-AB86-D83199CAE19E}.Debug|x64.Build.0 = Debug|x64
		{918B8A53-8281-41EA-AB86-D83199CAE19E}.Debug|x86.ActiveCfg = Debug|x86
		{918B8A53-8281-41EA-AB86-D83199CAE19E}.Debug|x86.Build.0 = Debug|x86
		{918B8A53-8281-41EA-AB86-D83199CAE19E}.Release|arm64.ActiveCfg = Release|arm64
		{918B8A53-8281-41EA-AB86-D83199CAE19E}.Release|arm64.Build.0 = Release|arm64
		{918B8A53-8281-41EA-AB86-D83199CAE19E}.Release|x64.ActiveCfg = Release|x64
		{918B8A53-8281-41EA-AB86-D83199CAE19E}.Release|x64.Build.0 = Release|x64
		{918B8A53-8281-41EA-AB86-D83199CAE19E}.Release|x86.ActiveCfg = Release|x86
		{918B8A53-8281-41EA-AB86-D83199CAE19E}.Release|x86.Build.0 = Release|x86
		{63302E70-F7C8-4B5D-8749-BDB631663D27}.Debug|arm64.ActiveCfg = Debug|arm64
		{63302E70-F7C8-4B5D-8749-BDB631663D27}.Debug|arm64.Build.0 = Debug|arm64
		{63302E70-F7C8-4B5D-8749-BDB631663D27}.Debug|x64.ActiveCfg = Debug|x64
		{63302E70-F7C8-4B5D-8749-BDB631663D27}.Debug|x64.Build.0 = Debug|x64
		{63302E70-F7C8-4B5D-8749-BDB631663D27}.Debug|x86.ActiveCfg = Debug|x86
		{63302E70-F7C8-4B5D-8749-BDB631663D27}.Debug|x86.Build.0 = Debug|x86
		{63302E70-F7C8-4B5D-8749-BDB631663D27}.Release|arm64.ActiveCfg = Release|arm64
		{63302E70-F7C8-4B5D-8749-BDB631663D27}.Release|arm64.Build.0 = Release|arm64
		{63302E70-F7C8-4B5D-8749-BDB631663D27}.Release|x64.ActiveCfg = Release|x64
		{63302E70-F7C8-4B5D-8749-BDB631663D27}.Release|x64.Build.0 = Release|x64
		{63302E70-F7C8-4B5D-8749-BDB631663D27}.Release|x86.ActiveCfg = Release|x86
		{63302E70-F7C8-4B5D-8749-BDB631663D27}.Release|x86.Build.0 = Release|x86
		{E1398C43-BEED-4D92-A194-BC3BAF8BA847}.Debug|arm64.ActiveCfg = Debug|arm64
		{E1398C43-BEED-4D92-A194-BC3BAF8BA847}.Debug|arm64.Build.0 = Debug|arm64
		{E1398C43-BEED-4D92-A194-BC3BAF8BA847}.Debug|x64.ActiveCfg = Debug|x64
		{E1398C43-BEED-4D92-A194-BC3BAF8BA847}.Debug|x64.Build.0 = Debug|x64
		{E1398C43-BEED-4D92-A194-BC3BAF8BA847}.Debug|x86.ActiveCfg = Debug|x86
		{E1398C43-BEED-4D92-A194-BC3BAF8BA847}.Debug|x86.Build.0 = Debug|x86
		{E1398C43-BEED-4D92-A194-BC3BAF8BA847}.Release|arm64.ActiveCfg = Release|arm64
		{E1398C43-BEED-4D92-A194-BC3BAF8BA847}.Release|arm64.Build.0 = Release|arm64
		{E1398C43-BEED-4D92-A194-BC3BAF8BA847}.Release|x64.ActiveCfg = Release|x64
		{E1398C43-BEED-4D92-A194-BC3BAF8BA847}.Release|x64.Build.0 = Release|x64
		{E1398C43-BEED-4D92-A194-BC3BAF8BA847}.Release|x86.ActiveCfg = Release|x86
		{E1398C43-BEED-4D92-A194-BC3BAF8BA847}.Release|x86.Build.0 = Release|x86
		{F3AD51CC-2A04-4E06-B26A-E79BEACFF9D9}.Debug|arm64.ActiveCfg = Debug|ARM64
		{F3AD51CC-2A04-4E06-B26A-E79BEACFF9D9}.Debug|arm64.Build.0 = Debug|ARM64
		{F3AD51CC-2A04-4E06-B26A-E79BEACFF9D9}.Debug|arm64.Deploy.0 = Debug|ARM64
		{F3AD51CC-2A04-4E06-B26A-E79BEACFF9D9}.Debug|x64.ActiveCfg = Debug|x64
		{F3AD51CC-2A04-4E06-B26A-E79BEACFF9D9}.Debug|x64.Build.0 = Debug|x64
		{F3AD51CC-2A04-4E06-B26A-E79BEACFF9D9}.Debug|x64.Deploy.0 = Debug|x64
		{F3AD51CC-2A04-4E06-B26A-E79BEACFF9D9}.Debug|x86.ActiveCfg = Debug|x86
		{F3AD51CC-2A04-4E06-B26A-E79BEACFF9D9}.Debug|x86.Build.0 = Debug|x86
		{F3AD51CC-2A04-4E06-B26A-E79BEACFF9D9}.Debug|x86.Deploy.0 = Debug|x86
		{F3AD51CC-2A04-4E06-B26A-E79BEACFF9D9}.Release|arm64.ActiveCfg = Release|ARM64
		{F3AD51CC-2A04-4E06-B26A-E79BEACFF9D9}.Release|arm64.Build.0 = Release|ARM64
		{F3AD51CC-2A04-4E06-B26A-E79BEACFF9D9}.Release|arm64.Deploy.0 = Release|ARM64
		{F3AD51CC-2A04-4E06-B26A-E79BEACFF9D9}.Release|x64.ActiveCfg = Release|x64
		{F3AD51CC-2A04-4E06-B26A-E79BEACFF9D9}.Release|x64.Build.0 = Release|x64
		{F3AD51CC-2A04-4E06-B26A-E79BEACFF9D9}.Release|x64.Deploy.0 = Release|x64
		{F3AD51CC-2A04-4E06-B26A-E79BEACFF9D9}.Release|x86.ActiveCfg = Release|x86
		{F3AD51CC-2A04-4E06-B26A-E79BEACFF9D9}.Release|x86.Build.0 = Release|x86
		{F3AD51CC-2A04-4E06-B26A-E79BEACFF9D9}.Release|x86.Deploy.0 = Release|x86
		{AE919A53-9DFB-41F6-ADC8-E62B766B7EE7}.Debug|arm64.ActiveCfg = Debug|ARM64
		{AE919A53-9DFB-41F6-ADC8-E62B766B7EE7}.Debug|arm64.Build.0 = Debug|ARM64
		{AE919A53-9DFB-41F6-ADC8-E62B766B7EE7}.Debug|arm64.Deploy.0 = Debug|ARM64
		{AE919A53-9DFB-41F6-ADC8-E62B766B7EE7}.Debug|x64.ActiveCfg = Debug|x64
		{AE919A53-9DFB-41F6-ADC8-E62B766B7EE7}.Debug|x64.Build.0 = Debug|x64
		{AE919A53-9DFB-41F6-ADC8-E62B766B7EE7}.Debug|x64.Deploy.0 = Debug|x64
		{AE919A53-9DFB-41F6-ADC8-E62B766B7EE7}.Debug|x86.ActiveCfg = Debug|x86
		{AE919A53-9DFB-41F6-ADC8-E62B766B7EE7}.Debug|x86.Build.0 = Debug|x86
		{AE919A53-9DFB-41F6-ADC8-E62B766B7EE7}.Debug|x86.Deploy.0 = Debug|x86
		{AE919A53-9DFB-41F6-ADC8-E62B766B7EE7}.Release|arm64.ActiveCfg = Release|ARM64
		{AE919A53-9DFB-41F6-ADC8-E62B766B7EE7}.Release|arm64.Build.0 = Release|ARM64
		{AE919A53-9DFB-41F6-ADC8-E62B766B7EE7}.Release|arm64.Deploy.0 = Release|ARM64
		{AE919A53-9DFB-41F6-ADC8-E62B766B7EE7}.Release|x64.ActiveCfg = Release|x64
		{AE919A53-9DFB-41F6-ADC8-E62B766B7EE7}.Release|x64.Build.0 = Release|x64
		{AE919A53-9DFB-41F6-ADC8-E62B766B7EE7}.Release|x64.Deploy.0 = Release|x64
		{AE919A53-9DFB-41F6-ADC8-E62B766B7EE7}.Release|x86.ActiveCfg = Release|x86
		{AE919A53-9DFB-41F6-ADC8-E62B766B7EE7}.Release|x86.Build.0 = Release|x86
		{AE919A53-9DFB-41F6-ADC8-E62B766B7EE7}.Release|x86.Deploy.0 = Release|x86
		{938B834D-5C5D-4A53-BCBA-F8BF1CC63196}.Debug|arm64.ActiveCfg = Debug|arm64
		{938B834D-5C5D-4A53-BCBA-F8BF1CC63196}.Debug|arm64.Build.0 = Debug|arm64
		{938B834D-5C5D-4A53-BCBA-F8BF1CC63196}.Debug|x64.ActiveCfg = Debug|x64
		{938B834D-5C5D-4A53-BCBA-F8BF1CC63196}.Debug|x64.Build.0 = Debug|x64
		{938B834D-5C5D-4A53-BCBA-F8BF1CC63196}.Debug|x86.ActiveCfg = Debug|x86
		{938B834D-5C5D-4A53-BCBA-F8BF1CC63196}.Debug|x86.Build.0 = Debug|x86
		{938B834D-5C5D-4A53-BCBA-F8BF1CC63196}.Release|arm64.ActiveCfg = Release|arm64
		{938B834D-5C5D-4A53-BCBA-F8BF1CC63196}.Release|arm64.Build.0 = Release|arm64
		{938B834D-5C5D-4A53-BCBA-F8BF1CC63196}.Release|x64.ActiveCfg = Release|x64
		{938B834D-5C5D-4A53-BCBA-F8BF1CC63196}.Release|x64.Build.0 = Release|x64
		{938B834D-5C5D-4A53-BCBA-F8BF1CC63196}.Release|x86.ActiveCfg = Release|x86
		{938B834D-5C5D-4A53-BCBA-F8BF1CC63196}.Release|x86.Build.0 = Release|x86
		{36135626-0897-470C-A506-E4B73133694D}.Debug|arm64.ActiveCfg = Debug|Any CPU
		{36135626-0897-470C-A506-E4B73133694D}.Debug|arm64.Build.0 = Debug|Any CPU
		{36135626-0897-470C-A506-E4B73133694D}.Debug|x64.ActiveCfg = Debug|x64
		{36135626-0897-470C-A506-E4B73133694D}.Debug|x64.Build.0 = Debug|x64
		{36135626-0897-470C-A506-E4B73133694D}.Debug|x86.ActiveCfg = Debug|Any CPU
		{36135626-0897-470C-A506-E4B73133694D}.Debug|x86.Build.0 = Debug|Any CPU
		{36135626-0897-470C-A506-E4B73133694D}.Release|arm64.ActiveCfg = Release|Any CPU
		{36135626-0897-470C-A506-E4B73133694D}.Release|arm64.Build.0 = Release|Any CPU
		{36135626-0897-470C-A506-E4B73133694D}.Release|x64.ActiveCfg = Release|Any CPU
		{36135626-0897-470C-A506-E4B73133694D}.Release|x64.Build.0 = Release|Any CPU
		{36135626-0897-470C-A506-E4B73133694D}.Release|x86.ActiveCfg = Release|Any CPU
		{36135626-0897-470C-A506-E4B73133694D}.Release|x86.Build.0 = Release|Any CPU
	EndGlobalSection
	GlobalSection(SolutionProperties) = preSolution
		HideSolutionNode = FALSE
	EndGlobalSection
	GlobalSection(NestedProjects) = preSolution
		{C27DB2E0-A0B7-4FBB-B375-4F8D197BF3C0} = {0936AB9E-97C3-4BC9-A48E-13544E1DB94E}
		{918B8A53-8281-41EA-AB86-D83199CAE19E} = {0936AB9E-97C3-4BC9-A48E-13544E1DB94E}
		{63302E70-F7C8-4B5D-8749-BDB631663D27} = {0936AB9E-97C3-4BC9-A48E-13544E1DB94E}
		{E1398C43-BEED-4D92-A194-BC3BAF8BA847} = {0936AB9E-97C3-4BC9-A48E-13544E1DB94E}
		{F3AD51CC-2A04-4E06-B26A-E79BEACFF9D9} = {0936AB9E-97C3-4BC9-A48E-13544E1DB94E}
		{AE919A53-9DFB-41F6-ADC8-E62B766B7EE7} = {EBDAA242-5E9F-4BEF-B2CE-0306995C8534}
		{938B834D-5C5D-4A53-BCBA-F8BF1CC63196} = {EBDAA242-5E9F-4BEF-B2CE-0306995C8534}
		{36135626-0897-470C-A506-E4B73133694D} = {0936AB9E-97C3-4BC9-A48E-13544E1DB94E}
	EndGlobalSection
	GlobalSection(ExtensibilityGlobals) = postSolution
		SolutionGuid = {0DED9F6D-C5E7-4E89-AC76-9D03F910A002}
	EndGlobalSection
EndGlobal
