
Microsoft Visual Studio Solution File, Format Version 12.00
# Visual Studio Version 17
VisualStudioVersion = 17.0.31912.275
MinimumVisualStudioVersion = 10.0.40219.1
Project("{9A19103F-16F7-4668-BE54-9A1E7A4F7556}") = "PackageInstaller", "PackageInstaller\PackageInstaller\PackageInstaller.csproj", "{C27DB2E0-A0B7-4FBB-B375-4F8D197BF3C0}"
EndProject
Project("{C7167F0D-BC9F-4E6E-AFE1-012C56B48DB5}") = "PackageInstaller (Package)", "PackageInstaller\PackageInstaller (Package)\PackageInstaller (Package).wapproj", "{CBDABD45-A978-4F4A-B1FE-967331B38B2F}"
EndProject
Project("{9A19103F-16F7-4668-BE54-9A1E7A4F7556}") = "NativeInterop.Win32.Xaml", "NativeInterop.Win32.Xaml\NativeInterop.Win32.Xaml.csproj", "{FD3B378F-AA84-4701-AF6D-CCC05DB51247}"
EndProject
Project("{9A19103F-16F7-4668-BE54-9A1E7A4F7556}") = "NativeInterop.Win32", "NativeInterop.Win32\NativeInterop.Win32.csproj", "{2EC170D6-E97F-46DA-B5DA-4525D4AFD5AF}"
EndProject
Project("{9A19103F-16F7-4668-BE54-9A1E7A4F7556}") = "PackageInstaller.Core", "PackageInstaller.Core\PackageInstaller.Core.csproj", "{918B8A53-8281-41EA-AB86-D83199CAE19E}"
EndProject
Project("{9A19103F-16F7-4668-BE54-9A1E7A4F7556}") = "Sextant.WinUI", "Sextant.WinUI\Sextant.WinUI.csproj", "{B6E43411-829D-4DE4-89AE-A9E57FBA0DEC}"
EndProject
Project("{9A19103F-16F7-4668-BE54-9A1E7A4F7556}") = "PackageInstaller.Core.Services", "PackageInstaller.Core.Services\PackageInstaller.Core.Services.csproj", "{63302E70-F7C8-4B5D-8749-BDB631663D27}"
EndProject
Project("{9A19103F-16F7-4668-BE54-9A1E7A4F7556}") = "Community.Wsl.Sdk", "wsl-sdk-dotnet\Community.Wsl.Sdk\Community.Wsl.Sdk.csproj", "{23641D75-C346-46BD-8A60-D52EC86728BF}"
EndProject
Project("{9A19103F-16F7-4668-BE54-9A1E7A4F7556}") = "PackageInstaller.Core.Services.Tests", "PackageInstaller.Core.Services.Tests\PackageInstaller.Core.Services.Tests.csproj", "{E1398C43-BEED-4D92-A194-BC3BAF8BA847}"
EndProject
Project("{2150E333-8FDC-42A3-9474-1A3956D46DE8}") = "Solution Items", "Solution Items", "{A423828B-9017-4F92-BECC-B6C8E4743708}"
	ProjectSection(SolutionItems) = preProject
		.gitignore = .gitignore
		.onsaveconfig = .onsaveconfig
	EndProjectSection
EndProject
Global
	GlobalSection(SolutionConfigurationPlatforms) = preSolution
		Debug|Any CPU = Debug|Any CPU
		Debug|arm64 = Debug|arm64
		Debug|x64 = Debug|x64
		Debug|x86 = Debug|x86
		Release|Any CPU = Release|Any CPU
		Release|arm64 = Release|arm64
		Release|x64 = Release|x64
		Release|x86 = Release|x86
	EndGlobalSection
	GlobalSection(ProjectConfigurationPlatforms) = postSolution
		{C27DB2E0-A0B7-4FBB-B375-4F8D197BF3C0}.Debug|Any CPU.ActiveCfg = Debug|x64
		{C27DB2E0-A0B7-4FBB-B375-4F8D197BF3C0}.Debug|Any CPU.Build.0 = Debug|x64
		{C27DB2E0-A0B7-4FBB-B375-4F8D197BF3C0}.Debug|arm64.ActiveCfg = Debug|arm64
		{C27DB2E0-A0B7-4FBB-B375-4F8D197BF3C0}.Debug|arm64.Build.0 = Debug|arm64
		{C27DB2E0-A0B7-4FBB-B375-4F8D197BF3C0}.Debug|x64.ActiveCfg = Debug|x64
		{C27DB2E0-A0B7-4FBB-B375-4F8D197BF3C0}.Debug|x64.Build.0 = Debug|x64
		{C27DB2E0-A0B7-4FBB-B375-4F8D197BF3C0}.Debug|x86.ActiveCfg = Debug|x64
		{C27DB2E0-A0B7-4FBB-B375-4F8D197BF3C0}.Debug|x86.Build.0 = Debug|x64
		{C27DB2E0-A0B7-4FBB-B375-4F8D197BF3C0}.Release|Any CPU.ActiveCfg = Release|x64
		{C27DB2E0-A0B7-4FBB-B375-4F8D197BF3C0}.Release|Any CPU.Build.0 = Release|x64
		{C27DB2E0-A0B7-4FBB-B375-4F8D197BF3C0}.Release|arm64.ActiveCfg = Release|arm64
		{C27DB2E0-A0B7-4FBB-B375-4F8D197BF3C0}.Release|arm64.Build.0 = Release|arm64
		{C27DB2E0-A0B7-4FBB-B375-4F8D197BF3C0}.Release|x64.ActiveCfg = Release|x64
		{C27DB2E0-A0B7-4FBB-B375-4F8D197BF3C0}.Release|x64.Build.0 = Release|x64
		{C27DB2E0-A0B7-4FBB-B375-4F8D197BF3C0}.Release|x86.ActiveCfg = Release|x86
		{C27DB2E0-A0B7-4FBB-B375-4F8D197BF3C0}.Release|x86.Build.0 = Release|x86
		{CBDABD45-A978-4F4A-B1FE-967331B38B2F}.Debug|Any CPU.ActiveCfg = Debug|x64
		{CBDABD45-A978-4F4A-B1FE-967331B38B2F}.Debug|Any CPU.Build.0 = Debug|x64
		{CBDABD45-A978-4F4A-B1FE-967331B38B2F}.Debug|Any CPU.Deploy.0 = Debug|x64
		{CBDABD45-A978-4F4A-B1FE-967331B38B2F}.Debug|arm64.ActiveCfg = Debug|arm64
		{CBDABD45-A978-4F4A-B1FE-967331B38B2F}.Debug|arm64.Build.0 = Debug|arm64
		{CBDABD45-A978-4F4A-B1FE-967331B38B2F}.Debug|arm64.Deploy.0 = Debug|arm64
		{CBDABD45-A978-4F4A-B1FE-967331B38B2F}.Debug|x64.ActiveCfg = Debug|x64
		{CBDABD45-A978-4F4A-B1FE-967331B38B2F}.Debug|x64.Build.0 = Debug|x64
		{CBDABD45-A978-4F4A-B1FE-967331B38B2F}.Debug|x64.Deploy.0 = Debug|x64
		{CBDABD45-A978-4F4A-B1FE-967331B38B2F}.Debug|x86.ActiveCfg = Debug|x64
		{CBDABD45-A978-4F4A-B1FE-967331B38B2F}.Debug|x86.Build.0 = Debug|x64
		{CBDABD45-A978-4F4A-B1FE-967331B38B2F}.Debug|x86.Deploy.0 = Debug|x64
		{CBDABD45-A978-4F4A-B1FE-967331B38B2F}.Release|Any CPU.ActiveCfg = Release|x64
		{CBDABD45-A978-4F4A-B1FE-967331B38B2F}.Release|Any CPU.Build.0 = Release|x64
		{CBDABD45-A978-4F4A-B1FE-967331B38B2F}.Release|Any CPU.Deploy.0 = Release|x64
		{CBDABD45-A978-4F4A-B1FE-967331B38B2F}.Release|arm64.ActiveCfg = Release|arm64
		{CBDABD45-A978-4F4A-B1FE-967331B38B2F}.Release|arm64.Build.0 = Release|arm64
		{CBDABD45-A978-4F4A-B1FE-967331B38B2F}.Release|arm64.Deploy.0 = Release|arm64
		{CBDABD45-A978-4F4A-B1FE-967331B38B2F}.Release|x64.ActiveCfg = Release|x64
		{CBDABD45-A978-4F4A-B1FE-967331B38B2F}.Release|x64.Build.0 = Release|x64
		{CBDABD45-A978-4F4A-B1FE-967331B38B2F}.Release|x64.Deploy.0 = Release|x64
		{CBDABD45-A978-4F4A-B1FE-967331B38B2F}.Release|x86.ActiveCfg = Release|x86
		{CBDABD45-A978-4F4A-B1FE-967331B38B2F}.Release|x86.Build.0 = Release|x86
		{CBDABD45-A978-4F4A-B1FE-967331B38B2F}.Release|x86.Deploy.0 = Release|x86
		{FD3B378F-AA84-4701-AF6D-CCC05DB51247}.Debug|Any CPU.ActiveCfg = Debug|Any CPU
		{FD3B378F-AA84-4701-AF6D-CCC05DB51247}.Debug|Any CPU.Build.0 = Debug|Any CPU
		{FD3B378F-AA84-4701-AF6D-CCC05DB51247}.Debug|arm64.ActiveCfg = Debug|Any CPU
		{FD3B378F-AA84-4701-AF6D-CCC05DB51247}.Debug|arm64.Build.0 = Debug|Any CPU
		{FD3B378F-AA84-4701-AF6D-CCC05DB51247}.Debug|x64.ActiveCfg = Debug|Any CPU
		{FD3B378F-AA84-4701-AF6D-CCC05DB51247}.Debug|x64.Build.0 = Debug|Any CPU
		{FD3B378F-AA84-4701-AF6D-CCC05DB51247}.Debug|x86.ActiveCfg = Debug|Any CPU
		{FD3B378F-AA84-4701-AF6D-CCC05DB51247}.Debug|x86.Build.0 = Debug|Any CPU
		{FD3B378F-AA84-4701-AF6D-CCC05DB51247}.Release|Any CPU.ActiveCfg = Release|Any CPU
		{FD3B378F-AA84-4701-AF6D-CCC05DB51247}.Release|Any CPU.Build.0 = Release|Any CPU
		{FD3B378F-AA84-4701-AF6D-CCC05DB51247}.Release|arm64.ActiveCfg = Release|Any CPU
		{FD3B378F-AA84-4701-AF6D-CCC05DB51247}.Release|arm64.Build.0 = Release|Any CPU
		{FD3B378F-AA84-4701-AF6D-CCC05DB51247}.Release|x64.ActiveCfg = Release|Any CPU
		{FD3B378F-AA84-4701-AF6D-CCC05DB51247}.Release|x64.Build.0 = Release|Any CPU
		{FD3B378F-AA84-4701-AF6D-CCC05DB51247}.Release|x86.ActiveCfg = Release|Any CPU
		{FD3B378F-AA84-4701-AF6D-CCC05DB51247}.Release|x86.Build.0 = Release|Any CPU
		{2EC170D6-E97F-46DA-B5DA-4525D4AFD5AF}.Debug|Any CPU.ActiveCfg = Debug|Any CPU
		{2EC170D6-E97F-46DA-B5DA-4525D4AFD5AF}.Debug|Any CPU.Build.0 = Debug|Any CPU
		{2EC170D6-E97F-46DA-B5DA-4525D4AFD5AF}.Debug|arm64.ActiveCfg = Debug|Any CPU
		{2EC170D6-E97F-46DA-B5DA-4525D4AFD5AF}.Debug|arm64.Build.0 = Debug|Any CPU
		{2EC170D6-E97F-46DA-B5DA-4525D4AFD5AF}.Debug|x64.ActiveCfg = Debug|Any CPU
		{2EC170D6-E97F-46DA-B5DA-4525D4AFD5AF}.Debug|x64.Build.0 = Debug|Any CPU
		{2EC170D6-E97F-46DA-B5DA-4525D4AFD5AF}.Debug|x86.ActiveCfg = Debug|Any CPU
		{2EC170D6-E97F-46DA-B5DA-4525D4AFD5AF}.Debug|x86.Build.0 = Debug|Any CPU
		{2EC170D6-E97F-46DA-B5DA-4525D4AFD5AF}.Release|Any CPU.ActiveCfg = Release|Any CPU
		{2EC170D6-E97F-46DA-B5DA-4525D4AFD5AF}.Release|Any CPU.Build.0 = Release|Any CPU
		{2EC170D6-E97F-46DA-B5DA-4525D4AFD5AF}.Release|arm64.ActiveCfg = Release|Any CPU
		{2EC170D6-E97F-46DA-B5DA-4525D4AFD5AF}.Release|arm64.Build.0 = Release|Any CPU
		{2EC170D6-E97F-46DA-B5DA-4525D4AFD5AF}.Release|x64.ActiveCfg = Release|Any CPU
		{2EC170D6-E97F-46DA-B5DA-4525D4AFD5AF}.Release|x64.Build.0 = Release|Any CPU
		{2EC170D6-E97F-46DA-B5DA-4525D4AFD5AF}.Release|x86.ActiveCfg = Release|Any CPU
		{2EC170D6-E97F-46DA-B5DA-4525D4AFD5AF}.Release|x86.Build.0 = Release|Any CPU
		{918B8A53-8281-41EA-AB86-D83199CAE19E}.Debug|Any CPU.ActiveCfg = Debug|Any CPU
		{918B8A53-8281-41EA-AB86-D83199CAE19E}.Debug|Any CPU.Build.0 = Debug|Any CPU
		{918B8A53-8281-41EA-AB86-D83199CAE19E}.Debug|arm64.ActiveCfg = Debug|Any CPU
		{918B8A53-8281-41EA-AB86-D83199CAE19E}.Debug|arm64.Build.0 = Debug|Any CPU
		{918B8A53-8281-41EA-AB86-D83199CAE19E}.Debug|x64.ActiveCfg = Debug|Any CPU
		{918B8A53-8281-41EA-AB86-D83199CAE19E}.Debug|x64.Build.0 = Debug|Any CPU
		{918B8A53-8281-41EA-AB86-D83199CAE19E}.Debug|x86.ActiveCfg = Debug|Any CPU
		{918B8A53-8281-41EA-AB86-D83199CAE19E}.Debug|x86.Build.0 = Debug|Any CPU
		{918B8A53-8281-41EA-AB86-D83199CAE19E}.Release|Any CPU.ActiveCfg = Release|Any CPU
		{918B8A53-8281-41EA-AB86-D83199CAE19E}.Release|Any CPU.Build.0 = Release|Any CPU
		{918B8A53-8281-41EA-AB86-D83199CAE19E}.Release|arm64.ActiveCfg = Release|Any CPU
		{918B8A53-8281-41EA-AB86-D83199CAE19E}.Release|arm64.Build.0 = Release|Any CPU
		{918B8A53-8281-41EA-AB86-D83199CAE19E}.Release|x64.ActiveCfg = Release|Any CPU
		{918B8A53-8281-41EA-AB86-D83199CAE19E}.Release|x64.Build.0 = Release|Any CPU
		{918B8A53-8281-41EA-AB86-D83199CAE19E}.Release|x86.ActiveCfg = Release|Any CPU
		{918B8A53-8281-41EA-AB86-D83199CAE19E}.Release|x86.Build.0 = Release|Any CPU
		{B6E43411-829D-4DE4-89AE-A9E57FBA0DEC}.Debug|Any CPU.ActiveCfg = Debug|Any CPU
		{B6E43411-829D-4DE4-89AE-A9E57FBA0DEC}.Debug|Any CPU.Build.0 = Debug|Any CPU
		{B6E43411-829D-4DE4-89AE-A9E57FBA0DEC}.Debug|arm64.ActiveCfg = Debug|Any CPU
		{B6E43411-829D-4DE4-89AE-A9E57FBA0DEC}.Debug|arm64.Build.0 = Debug|Any CPU
		{B6E43411-829D-4DE4-89AE-A9E57FBA0DEC}.Debug|x64.ActiveCfg = Debug|Any CPU
		{B6E43411-829D-4DE4-89AE-A9E57FBA0DEC}.Debug|x64.Build.0 = Debug|Any CPU
		{B6E43411-829D-4DE4-89AE-A9E57FBA0DEC}.Debug|x86.ActiveCfg = Debug|Any CPU
		{B6E43411-829D-4DE4-89AE-A9E57FBA0DEC}.Debug|x86.Build.0 = Debug|Any CPU
		{B6E43411-829D-4DE4-89AE-A9E57FBA0DEC}.Release|Any CPU.ActiveCfg = Release|Any CPU
		{B6E43411-829D-4DE4-89AE-A9E57FBA0DEC}.Release|Any CPU.Build.0 = Release|Any CPU
		{B6E43411-829D-4DE4-89AE-A9E57FBA0DEC}.Release|arm64.ActiveCfg = Release|Any CPU
		{B6E43411-829D-4DE4-89AE-A9E57FBA0DEC}.Release|arm64.Build.0 = Release|Any CPU
		{B6E43411-829D-4DE4-89AE-A9E57FBA0DEC}.Release|x64.ActiveCfg = Release|Any CPU
		{B6E43411-829D-4DE4-89AE-A9E57FBA0DEC}.Release|x64.Build.0 = Release|Any CPU
		{B6E43411-829D-4DE4-89AE-A9E57FBA0DEC}.Release|x86.ActiveCfg = Release|Any CPU
		{B6E43411-829D-4DE4-89AE-A9E57FBA0DEC}.Release|x86.Build.0 = Release|Any CPU
		{63302E70-F7C8-4B5D-8749-BDB631663D27}.Debug|Any CPU.ActiveCfg = Debug|Any CPU
		{63302E70-F7C8-4B5D-8749-BDB631663D27}.Debug|Any CPU.Build.0 = Debug|Any CPU
		{63302E70-F7C8-4B5D-8749-BDB631663D27}.Debug|arm64.ActiveCfg = Debug|Any CPU
		{63302E70-F7C8-4B5D-8749-BDB631663D27}.Debug|arm64.Build.0 = Debug|Any CPU
		{63302E70-F7C8-4B5D-8749-BDB631663D27}.Debug|x64.ActiveCfg = Debug|Any CPU
		{63302E70-F7C8-4B5D-8749-BDB631663D27}.Debug|x64.Build.0 = Debug|Any CPU
		{63302E70-F7C8-4B5D-8749-BDB631663D27}.Debug|x86.ActiveCfg = Debug|Any CPU
		{63302E70-F7C8-4B5D-8749-BDB631663D27}.Debug|x86.Build.0 = Debug|Any CPU
		{63302E70-F7C8-4B5D-8749-BDB631663D27}.Release|Any CPU.ActiveCfg = Release|Any CPU
		{63302E70-F7C8-4B5D-8749-BDB631663D27}.Release|Any CPU.Build.0 = Release|Any CPU
		{63302E70-F7C8-4B5D-8749-BDB631663D27}.Release|arm64.ActiveCfg = Release|Any CPU
		{63302E70-F7C8-4B5D-8749-BDB631663D27}.Release|arm64.Build.0 = Release|Any CPU
		{63302E70-F7C8-4B5D-8749-BDB631663D27}.Release|x64.ActiveCfg = Release|Any CPU
		{63302E70-F7C8-4B5D-8749-BDB631663D27}.Release|x64.Build.0 = Release|Any CPU
		{63302E70-F7C8-4B5D-8749-BDB631663D27}.Release|x86.ActiveCfg = Release|Any CPU
		{63302E70-F7C8-4B5D-8749-BDB631663D27}.Release|x86.Build.0 = Release|Any CPU
		{23641D75-C346-46BD-8A60-D52EC86728BF}.Debug|Any CPU.ActiveCfg = Debug|Any CPU
		{23641D75-C346-46BD-8A60-D52EC86728BF}.Debug|Any CPU.Build.0 = Debug|Any CPU
		{23641D75-C346-46BD-8A60-D52EC86728BF}.Debug|arm64.ActiveCfg = Debug|Any CPU
		{23641D75-C346-46BD-8A60-D52EC86728BF}.Debug|arm64.Build.0 = Debug|Any CPU
		{23641D75-C346-46BD-8A60-D52EC86728BF}.Debug|x64.ActiveCfg = Debug|Any CPU
		{23641D75-C346-46BD-8A60-D52EC86728BF}.Debug|x64.Build.0 = Debug|Any CPU
		{23641D75-C346-46BD-8A60-D52EC86728BF}.Debug|x86.ActiveCfg = Debug|Any CPU
		{23641D75-C346-46BD-8A60-D52EC86728BF}.Debug|x86.Build.0 = Debug|Any CPU
		{23641D75-C346-46BD-8A60-D52EC86728BF}.Release|Any CPU.ActiveCfg = Release|Any CPU
		{23641D75-C346-46BD-8A60-D52EC86728BF}.Release|Any CPU.Build.0 = Release|Any CPU
		{23641D75-C346-46BD-8A60-D52EC86728BF}.Release|arm64.ActiveCfg = Release|Any CPU
		{23641D75-C346-46BD-8A60-D52EC86728BF}.Release|arm64.Build.0 = Release|Any CPU
		{23641D75-C346-46BD-8A60-D52EC86728BF}.Release|x64.ActiveCfg = Release|Any CPU
		{23641D75-C346-46BD-8A60-D52EC86728BF}.Release|x64.Build.0 = Release|Any CPU
		{23641D75-C346-46BD-8A60-D52EC86728BF}.Release|x86.ActiveCfg = Release|Any CPU
		{23641D75-C346-46BD-8A60-D52EC86728BF}.Release|x86.Build.0 = Release|Any CPU
		{E1398C43-BEED-4D92-A194-BC3BAF8BA847}.Debug|Any CPU.ActiveCfg = Debug|Any CPU
		{E1398C43-BEED-4D92-A194-BC3BAF8BA847}.Debug|Any CPU.Build.0 = Debug|Any CPU
		{E1398C43-BEED-4D92-A194-BC3BAF8BA847}.Debug|arm64.ActiveCfg = Debug|Any CPU
		{E1398C43-BEED-4D92-A194-BC3BAF8BA847}.Debug|arm64.Build.0 = Debug|Any CPU
		{E1398C43-BEED-4D92-A194-BC3BAF8BA847}.Debug|x64.ActiveCfg = Debug|Any CPU
		{E1398C43-BEED-4D92-A194-BC3BAF8BA847}.Debug|x64.Build.0 = Debug|Any CPU
		{E1398C43-BEED-4D92-A194-BC3BAF8BA847}.Debug|x86.ActiveCfg = Debug|Any CPU
		{E1398C43-BEED-4D92-A194-BC3BAF8BA847}.Debug|x86.Build.0 = Debug|Any CPU
		{E1398C43-BEED-4D92-A194-BC3BAF8BA847}.Release|Any CPU.ActiveCfg = Release|Any CPU
		{E1398C43-BEED-4D92-A194-BC3BAF8BA847}.Release|Any CPU.Build.0 = Release|Any CPU
		{E1398C43-BEED-4D92-A194-BC3BAF8BA847}.Release|arm64.ActiveCfg = Release|Any CPU
		{E1398C43-BEED-4D92-A194-BC3BAF8BA847}.Release|arm64.Build.0 = Release|Any CPU
		{E1398C43-BEED-4D92-A194-BC3BAF8BA847}.Release|x64.ActiveCfg = Release|Any CPU
		{E1398C43-BEED-4D92-A194-BC3BAF8BA847}.Release|x64.Build.0 = Release|Any CPU
		{E1398C43-BEED-4D92-A194-BC3BAF8BA847}.Release|x86.ActiveCfg = Release|Any CPU
		{E1398C43-BEED-4D92-A194-BC3BAF8BA847}.Release|x86.Build.0 = Release|Any CPU
	EndGlobalSection
	GlobalSection(SolutionProperties) = preSolution
		HideSolutionNode = FALSE
	EndGlobalSection
	GlobalSection(ExtensibilityGlobals) = postSolution
		SolutionGuid = {0DED9F6D-C5E7-4E89-AC76-9D03F910A002}
	EndGlobalSection
EndGlobal
